
Microsoft Visual Studio Solution File, Format Version 12.00
# Visual Studio Version 17
VisualStudioVersion = 17.0.31903.59
MinimumVisualStudioVersion = 10.0.40219.1
Project("{FAE04EC0-301F-11D3-BF4B-00C04F79EFBC}") = "CajeroAutomatico", "CajeroAutomatico\CajeroAutomatico.csproj", "{6AE6F32F-B8B3-41E3-B4C6-86AD45961D06}"
EndProject
Project("{FAE04EC0-301F-11D3-BF4B-00C04F79EFBC}") = "Ejercicios propuestos y resueltos básicos en C#", "Ejercicios propuestos y resueltos básicos en C#\Ejercicios propuestos y resueltos básicos en C#.csproj", "{CBECE5E5-6BC5-43A6-BC49-E9266E89C29C}"
EndProject
Project("{FAE04EC0-301F-11D3-BF4B-00C04F79EFBC}") = "Ejercicios propuestos", "..\Ejercicios propuestos y resueltos básicos en C#\Ejercicios propuestos y resueltos básicos en C#\Ejercicios propuestos\Ejercicios propuestos.csproj", "{6FA08B47-B289-4F72-8AEE-BF386179CE63}"
EndProject
Global
	GlobalSection(SolutionConfigurationPlatforms) = preSolution
		Debug|Any CPU = Debug|Any CPU
		Debug|x64 = Debug|x64
		Debug|x86 = Debug|x86
		Release|Any CPU = Release|Any CPU
		Release|x64 = Release|x64
		Release|x86 = Release|x86
	EndGlobalSection
	GlobalSection(ProjectConfigurationPlatforms) = postSolution
		{6AE6F32F-B8B3-41E3-B4C6-86AD45961D06}.Debug|Any CPU.ActiveCfg = Debug|Any CPU
		{6AE6F32F-B8B3-41E3-B4C6-86AD45961D06}.Debug|Any CPU.Build.0 = Debug|Any CPU
		{6AE6F32F-B8B3-41E3-B4C6-86AD45961D06}.Debug|x64.ActiveCfg = Debug|Any CPU
		{6AE6F32F-B8B3-41E3-B4C6-86AD45961D06}.Debug|x64.Build.0 = Debug|Any CPU
		{6AE6F32F-B8B3-41E3-B4C6-86AD45961D06}.Debug|x86.ActiveCfg = Debug|Any CPU
		{6AE6F32F-B8B3-41E3-B4C6-86AD45961D06}.Debug|x86.Build.0 = Debug|Any CPU
		{6AE6F32F-B8B3-41E3-B4C6-86AD45961D06}.Release|Any CPU.ActiveCfg = Release|Any CPU
		{6AE6F32F-B8B3-41E3-B4C6-86AD45961D06}.Release|Any CPU.Build.0 = Release|Any CPU
		{6AE6F32F-B8B3-41E3-B4C6-86AD45961D06}.Release|x64.ActiveCfg = Release|Any CPU
		{6AE6F32F-B8B3-41E3-B4C6-86AD45961D06}.Release|x64.Build.0 = Release|Any CPU
		{6AE6F32F-B8B3-41E3-B4C6-86AD45961D06}.Release|x86.ActiveCfg = Release|Any CPU
		{6AE6F32F-B8B3-41E3-B4C6-86AD45961D06}.Release|x86.Build.0 = Release|Any CPU
		{CBECE5E5-6BC5-43A6-BC49-E9266E89C29C}.Debug|Any CPU.ActiveCfg = Debug|Any CPU
		{CBECE5E5-6BC5-43A6-BC49-E9266E89C29C}.Debug|Any CPU.Build.0 = Debug|Any CPU
		{CBECE5E5-6BC5-43A6-BC49-E9266E89C29C}.Debug|x64.ActiveCfg = Debug|Any CPU
		{CBECE5E5-6BC5-43A6-BC49-E9266E89C29C}.Debug|x64.Build.0 = Debug|Any CPU
		{CBECE5E5-6BC5-43A6-BC49-E9266E89C29C}.Debug|x86.ActiveCfg = Debug|Any CPU
		{CBECE5E5-6BC5-43A6-BC49-E9266E89C29C}.Debug|x86.Build.0 = Debug|Any CPU
		{CBECE5E5-6BC5-43A6-BC49-E9266E89C29C}.Release|Any CPU.ActiveCfg = Release|Any CPU
		{CBECE5E5-6BC5-43A6-BC49-E9266E89C29C}.Release|Any CPU.Build.0 = Release|Any CPU
		{CBECE5E5-6BC5-43A6-BC49-E9266E89C29C}.Release|x64.ActiveCfg = Release|Any CPU
		{CBECE5E5-6BC5-43A6-BC49-E9266E89C29C}.Release|x64.Build.0 = Release|Any CPU
		{CBECE5E5-6BC5-43A6-BC49-E9266E89C29C}.Release|x86.ActiveCfg = Release|Any CPU
		{CBECE5E5-6BC5-43A6-BC49-E9266E89C29C}.Release|x86.Build.0 = Release|Any CPU
		{6FA08B47-B289-4F72-8AEE-BF386179CE63}.Debug|Any CPU.ActiveCfg = Debug|Any CPU
		{6FA08B47-B289-4F72-8AEE-BF386179CE63}.Debug|Any CPU.Build.0 = Debug|Any CPU
		{6FA08B47-B289-4F72-8AEE-BF386179CE63}.Debug|x64.ActiveCfg = Debug|Any CPU
		{6FA08B47-B289-4F72-8AEE-BF386179CE63}.Debug|x64.Build.0 = Debug|Any CPU
		{6FA08B47-B289-4F72-8AEE-BF386179CE63}.Debug|x86.ActiveCfg = Debug|Any CPU
		{6FA08B47-B289-4F72-8AEE-BF386179CE63}.Debug|x86.Build.0 = Debug|Any CPU
		{6FA08B47-B289-4F72-8AEE-BF386179CE63}.Release|Any CPU.ActiveCfg = Release|Any CPU
		{6FA08B47-B289-4F72-8AEE-BF386179CE63}.Release|Any CPU.Build.0 = Release|Any CPU
		{6FA08B47-B289-4F72-8AEE-BF386179CE63}.Release|x64.ActiveCfg = Release|Any CPU
		{6FA08B47-B289-4F72-8AEE-BF386179CE63}.Release|x64.Build.0 = Release|Any CPU
		{6FA08B47-B289-4F72-8AEE-BF386179CE63}.Release|x86.ActiveCfg = Release|Any CPU
		{6FA08B47-B289-4F72-8AEE-BF386179CE63}.Release|x86.Build.0 = Release|Any CPU
	EndGlobalSection
	GlobalSection(SolutionProperties) = preSolution
		HideSolutionNode = FALSE
	EndGlobalSection
EndGlobal
