
Microsoft Visual Studio Solution File, Format Version 12.00
# Visual Studio Version 17
VisualStudioVersion = 17.0.31903.59
MinimumVisualStudioVersion = 10.0.40219.1
Project("{FAE04EC0-301F-11D3-BF4B-00C04F79EFBC}") = "CajeroAutomatico", "CajeroAutomatico\CajeroAutomatico.csproj", "{6AE6F32F-B8B3-41E3-B4C6-86AD45961D06}"
EndProject
Project("{FAE04EC0-301F-11D3-BF4B-00C04F79EFBC}") = "Ejercicios propuestos", "..\Ejercicios propuestos y resueltos básicos en C#\Ejercicios propuestos y resueltos básicos en C#\Ejercicios propuestos\Ejercicios propuestos.csproj", "{6FA08B47-B289-4F72-8AEE-BF386179CE63}"
EndProject
Project("{FAE04EC0-301F-11D3-BF4B-00C04F79EFBC}") = "Ejercicios De Arrays", "..\Ejercicios De Arrays\Ejercicios De Arrays.csproj", "{70C74BDD-208E-4961-BF56-69705E989CFB}"
EndProject
Project("{FAE04EC0-301F-11D3-BF4B-00C04F79EFBC}") = "Ejercicios de funciones y metodos", "..\Ejercicios de funciones y metodos\Ejercicios de funciones y metodos.csproj", "{58FA7E91-DF55-456D-8A13-F115FAB4C834}"
EndProject
Project("{FAE04EC0-301F-11D3-BF4B-00C04F79EFBC}") = "Helpers", "..\Helpers\Helpers.csproj", "{381FB679-E63D-419D-9E05-76C84F607D2F}"
EndProject
Project("{FAE04EC0-301F-11D3-BF4B-00C04F79EFBC}") = "Validaciones", "..\Validaciones\Validaciones.csproj", "{CD3E7BB1-076B-4006-80AA-AE926C75D6A7}"
EndProject
Global
	GlobalSection(SolutionConfigurationPlatforms) = preSolution
		Debug|Any CPU = Debug|Any CPU
		Debug|x64 = Debug|x64
		Debug|x86 = Debug|x86
		Release|Any CPU = Release|Any CPU
		Release|x64 = Release|x64
		Release|x86 = Release|x86
	EndGlobalSection
	GlobalSection(ProjectConfigurationPlatforms) = postSolution
		{6AE6F32F-B8B3-41E3-B4C6-86AD45961D06}.Debug|Any CPU.ActiveCfg = Debug|Any CPU
		{6AE6F32F-B8B3-41E3-B4C6-86AD45961D06}.Debug|Any CPU.Build.0 = Debug|Any CPU
		{6AE6F32F-B8B3-41E3-B4C6-86AD45961D06}.Debug|x64.ActiveCfg = Debug|Any CPU
		{6AE6F32F-B8B3-41E3-B4C6-86AD45961D06}.Debug|x64.Build.0 = Debug|Any CPU
		{6AE6F32F-B8B3-41E3-B4C6-86AD45961D06}.Debug|x86.ActiveCfg = Debug|Any CPU
		{6AE6F32F-B8B3-41E3-B4C6-86AD45961D06}.Debug|x86.Build.0 = Debug|Any CPU
		{6AE6F32F-B8B3-41E3-B4C6-86AD45961D06}.Release|Any CPU.ActiveCfg = Release|Any CPU
		{6AE6F32F-B8B3-41E3-B4C6-86AD45961D06}.Release|Any CPU.Build.0 = Release|Any CPU
		{6AE6F32F-B8B3-41E3-B4C6-86AD45961D06}.Release|x64.ActiveCfg = Release|Any CPU
		{6AE6F32F-B8B3-41E3-B4C6-86AD45961D06}.Release|x64.Build.0 = Release|Any CPU
		{6AE6F32F-B8B3-41E3-B4C6-86AD45961D06}.Release|x86.ActiveCfg = Release|Any CPU
		{6AE6F32F-B8B3-41E3-B4C6-86AD45961D06}.Release|x86.Build.0 = Release|Any CPU
		{6FA08B47-B289-4F72-8AEE-BF386179CE63}.Debug|Any CPU.ActiveCfg = Debug|Any CPU
		{6FA08B47-B289-4F72-8AEE-BF386179CE63}.Debug|Any CPU.Build.0 = Debug|Any CPU
		{6FA08B47-B289-4F72-8AEE-BF386179CE63}.Debug|x64.ActiveCfg = Debug|Any CPU
		{6FA08B47-B289-4F72-8AEE-BF386179CE63}.Debug|x64.Build.0 = Debug|Any CPU
		{6FA08B47-B289-4F72-8AEE-BF386179CE63}.Debug|x86.ActiveCfg = Debug|Any CPU
		{6FA08B47-B289-4F72-8AEE-BF386179CE63}.Debug|x86.Build.0 = Debug|Any CPU
		{6FA08B47-B289-4F72-8AEE-BF386179CE63}.Release|Any CPU.ActiveCfg = Release|Any CPU
		{6FA08B47-B289-4F72-8AEE-BF386179CE63}.Release|Any CPU.Build.0 = Release|Any CPU
		{6FA08B47-B289-4F72-8AEE-BF386179CE63}.Release|x64.ActiveCfg = Release|Any CPU
		{6FA08B47-B289-4F72-8AEE-BF386179CE63}.Release|x64.Build.0 = Release|Any CPU
		{6FA08B47-B289-4F72-8AEE-BF386179CE63}.Release|x86.ActiveCfg = Release|Any CPU
		{6FA08B47-B289-4F72-8AEE-BF386179CE63}.Release|x86.Build.0 = Release|Any CPU
		{70C74BDD-208E-4961-BF56-69705E989CFB}.Debug|Any CPU.ActiveCfg = Debug|Any CPU
		{70C74BDD-208E-4961-BF56-69705E989CFB}.Debug|Any CPU.Build.0 = Debug|Any CPU
		{70C74BDD-208E-4961-BF56-69705E989CFB}.Debug|x64.ActiveCfg = Debug|Any CPU
		{70C74BDD-208E-4961-BF56-69705E989CFB}.Debug|x64.Build.0 = Debug|Any CPU
		{70C74BDD-208E-4961-BF56-69705E989CFB}.Debug|x86.ActiveCfg = Debug|Any CPU
		{70C74BDD-208E-4961-BF56-69705E989CFB}.Debug|x86.Build.0 = Debug|Any CPU
		{70C74BDD-208E-4961-BF56-69705E989CFB}.Release|Any CPU.ActiveCfg = Release|Any CPU
		{70C74BDD-208E-4961-BF56-69705E989CFB}.Release|Any CPU.Build.0 = Release|Any CPU
		{70C74BDD-208E-4961-BF56-69705E989CFB}.Release|x64.ActiveCfg = Release|Any CPU
		{70C74BDD-208E-4961-BF56-69705E989CFB}.Release|x64.Build.0 = Release|Any CPU
		{70C74BDD-208E-4961-BF56-69705E989CFB}.Release|x86.ActiveCfg = Release|Any CPU
		{70C74BDD-208E-4961-BF56-69705E989CFB}.Release|x86.Build.0 = Release|Any CPU
		{58FA7E91-DF55-456D-8A13-F115FAB4C834}.Debug|Any CPU.ActiveCfg = Debug|Any CPU
		{58FA7E91-DF55-456D-8A13-F115FAB4C834}.Debug|Any CPU.Build.0 = Debug|Any CPU
		{58FA7E91-DF55-456D-8A13-F115FAB4C834}.Debug|x64.ActiveCfg = Debug|Any CPU
		{58FA7E91-DF55-456D-8A13-F115FAB4C834}.Debug|x64.Build.0 = Debug|Any CPU
		{58FA7E91-DF55-456D-8A13-F115FAB4C834}.Debug|x86.ActiveCfg = Debug|Any CPU
		{58FA7E91-DF55-456D-8A13-F115FAB4C834}.Debug|x86.Build.0 = Debug|Any CPU
		{58FA7E91-DF55-456D-8A13-F115FAB4C834}.Release|Any CPU.ActiveCfg = Release|Any CPU
		{58FA7E91-DF55-456D-8A13-F115FAB4C834}.Release|Any CPU.Build.0 = Release|Any CPU
		{58FA7E91-DF55-456D-8A13-F115FAB4C834}.Release|x64.ActiveCfg = Release|Any CPU
		{58FA7E91-DF55-456D-8A13-F115FAB4C834}.Release|x64.Build.0 = Release|Any CPU
		{58FA7E91-DF55-456D-8A13-F115FAB4C834}.Release|x86.ActiveCfg = Release|Any CPU
		{58FA7E91-DF55-456D-8A13-F115FAB4C834}.Release|x86.Build.0 = Release|Any CPU
		{381FB679-E63D-419D-9E05-76C84F607D2F}.Debug|Any CPU.ActiveCfg = Debug|Any CPU
		{381FB679-E63D-419D-9E05-76C84F607D2F}.Debug|Any CPU.Build.0 = Debug|Any CPU
		{381FB679-E63D-419D-9E05-76C84F607D2F}.Debug|x64.ActiveCfg = Debug|Any CPU
		{381FB679-E63D-419D-9E05-76C84F607D2F}.Debug|x64.Build.0 = Debug|Any CPU
		{381FB679-E63D-419D-9E05-76C84F607D2F}.Debug|x86.ActiveCfg = Debug|Any CPU
		{381FB679-E63D-419D-9E05-76C84F607D2F}.Debug|x86.Build.0 = Debug|Any CPU
		{381FB679-E63D-419D-9E05-76C84F607D2F}.Release|Any CPU.ActiveCfg = Release|Any CPU
		{381FB679-E63D-419D-9E05-76C84F607D2F}.Release|Any CPU.Build.0 = Release|Any CPU
		{381FB679-E63D-419D-9E05-76C84F607D2F}.Release|x64.ActiveCfg = Release|Any CPU
		{381FB679-E63D-419D-9E05-76C84F607D2F}.Release|x64.Build.0 = Release|Any CPU
		{381FB679-E63D-419D-9E05-76C84F607D2F}.Release|x86.ActiveCfg = Release|Any CPU
		{381FB679-E63D-419D-9E05-76C84F607D2F}.Release|x86.Build.0 = Release|Any CPU
		{CD3E7BB1-076B-4006-80AA-AE926C75D6A7}.Debug|Any CPU.ActiveCfg = Debug|Any CPU
		{CD3E7BB1-076B-4006-80AA-AE926C75D6A7}.Debug|Any CPU.Build.0 = Debug|Any CPU
		{CD3E7BB1-076B-4006-80AA-AE926C75D6A7}.Debug|x64.ActiveCfg = Debug|Any CPU
		{CD3E7BB1-076B-4006-80AA-AE926C75D6A7}.Debug|x64.Build.0 = Debug|Any CPU
		{CD3E7BB1-076B-4006-80AA-AE926C75D6A7}.Debug|x86.ActiveCfg = Debug|Any CPU
		{CD3E7BB1-076B-4006-80AA-AE926C75D6A7}.Debug|x86.Build.0 = Debug|Any CPU
		{CD3E7BB1-076B-4006-80AA-AE926C75D6A7}.Release|Any CPU.ActiveCfg = Release|Any CPU
		{CD3E7BB1-076B-4006-80AA-AE926C75D6A7}.Release|Any CPU.Build.0 = Release|Any CPU
		{CD3E7BB1-076B-4006-80AA-AE926C75D6A7}.Release|x64.ActiveCfg = Release|Any CPU
		{CD3E7BB1-076B-4006-80AA-AE926C75D6A7}.Release|x64.Build.0 = Release|Any CPU
		{CD3E7BB1-076B-4006-80AA-AE926C75D6A7}.Release|x86.ActiveCfg = Release|Any CPU
		{CD3E7BB1-076B-4006-80AA-AE926C75D6A7}.Release|x86.Build.0 = Release|Any CPU
	EndGlobalSection
	GlobalSection(SolutionProperties) = preSolution
		HideSolutionNode = FALSE
	EndGlobalSection
EndGlobal
